
Microsoft Visual Studio Solution File, Format Version 12.00
# Visual Studio Version 16
VisualStudioVersion = 16.0.32228.343
MinimumVisualStudioVersion = 10.0.40219.1
Project("{FAE04EC0-301F-11D3-BF4B-00C04F79EFBC}") = "AutoVariable", "AutoVariable\AutoVariable.csproj", "{587F9C2B-EB1D-44FA-8CCD-B307E8EB2657}"
EndProject
Global
	GlobalSection(SolutionConfigurationPlatforms) = preSolution
		Debug|Any CPU = Debug|Any CPU
		Release|Any CPU = Release|Any CPU
	EndGlobalSection
	GlobalSection(ProjectConfigurationPlatforms) = postSolution
		{587F9C2B-EB1D-44FA-8CCD-B307E8EB2657}.Debug|Any CPU.ActiveCfg = Debug|Any CPU
		{587F9C2B-EB1D-44FA-8CCD-B307E8EB2657}.Debug|Any CPU.Build.0 = Debug|Any CPU
		{587F9C2B-EB1D-44FA-8CCD-B307E8EB2657}.Release|Any CPU.ActiveCfg = Release|Any CPU
		{587F9C2B-EB1D-44FA-8CCD-B307E8EB2657}.Release|Any CPU.Build.0 = Release|Any CPU
	EndGlobalSection
	GlobalSection(SolutionProperties) = preSolution
		HideSolutionNode = FALSE
	EndGlobalSection
	GlobalSection(ExtensibilityGlobals) = postSolution
		SolutionGuid = {45E964AE-0B34-48AC-A7D1-2237EE50BE05}
	EndGlobalSection
EndGlobal
